// !$*UTF8*$!
{
	archiveVersion = 1;
	classes = {
	};
	objectVersion = 46;
	objects = {

/* Begin PBXBuildFile section */
		611B91CB1A9934EF00757221 /* PatternGenerator.m in Sources */ = {isa = PBXBuildFile; fileRef = 611B91CA1A9934EF00757221 /* PatternGenerator.m */; };
		611B91DB1A9C110600757221 /* BraceletLED.m in Sources */ = {isa = PBXBuildFile; fileRef = 611B91DA1A9C110600757221 /* BraceletLED.m */; };
		6142A2D71AB38EE100EE9621 /* PeripheralsTableViewController.m in Sources */ = {isa = PBXBuildFile; fileRef = 6142A2D61AB38EE100EE9621 /* PeripheralsTableViewController.m */; };
		61CA92C61A4366D100E5A8EE /* main.m in Sources */ = {isa = PBXBuildFile; fileRef = 61CA92C51A4366D100E5A8EE /* main.m */; };
		61CA92C91A4366D100E5A8EE /* AppDelegate.m in Sources */ = {isa = PBXBuildFile; fileRef = 61CA92C81A4366D100E5A8EE /* AppDelegate.m */; };
		61CA92CC1A4366D100E5A8EE /* ViewController.m in Sources */ = {isa = PBXBuildFile; fileRef = 61CA92CB1A4366D100E5A8EE /* ViewController.m */; };
		61CA92CF1A4366D100E5A8EE /* Main.storyboard in Resources */ = {isa = PBXBuildFile; fileRef = 61CA92CD1A4366D100E5A8EE /* Main.storyboard */; };
		61CA92D11A4366D100E5A8EE /* Images.xcassets in Resources */ = {isa = PBXBuildFile; fileRef = 61CA92D01A4366D100E5A8EE /* Images.xcassets */; };
		61CA92D41A4366D100E5A8EE /* LaunchScreen.xib in Resources */ = {isa = PBXBuildFile; fileRef = 61CA92D21A4366D100E5A8EE /* LaunchScreen.xib */; };
		61CA92E01A4366D100E5A8EE /* BraceletTests.m in Sources */ = {isa = PBXBuildFile; fileRef = 61CA92DF1A4366D100E5A8EE /* BraceletTests.m */; };
		61F328411A7D7E11003331DA /* Bracelet.m in Sources */ = {isa = PBXBuildFile; fileRef = 61F328401A7D7E11003331DA /* Bracelet.m */; };
		61F328441A7D7EE2003331DA /* SensorManager.m in Sources */ = {isa = PBXBuildFile; fileRef = 61F328431A7D7EE2003331DA /* SensorManager.m */; };
		61F3284A1A7D806E003331DA /* PeripheralManager.m in Sources */ = {isa = PBXBuildFile; fileRef = 61F328491A7D806E003331DA /* PeripheralManager.m */; };
		61F3284E1A7D8945003331DA /* User.m in Sources */ = {isa = PBXBuildFile; fileRef = 61F3284D1A7D8945003331DA /* User.m */; };
		61F328511A7ED5F4003331DA /* BraceletPattern.m in Sources */ = {isa = PBXBuildFile; fileRef = 61F328501A7ED5F4003331DA /* BraceletPattern.m */; };
		61F4FC2C1B1D376100F966D1 /* BraceletTableViewCell.m in Sources */ = {isa = PBXBuildFile; fileRef = 61F4FC2B1B1D376100F966D1 /* BraceletTableViewCell.m */; };
		9DFA9B7C43FB2753B864092C /* libPods.a in Frameworks */ = {isa = PBXBuildFile; fileRef = A6F0D7FD69E950C66A2C4EBB /* libPods.a */; };
/* End PBXBuildFile section */

/* Begin PBXContainerItemProxy section */
		61CA92DA1A4366D100E5A8EE /* PBXContainerItemProxy */ = {
			isa = PBXContainerItemProxy;
			containerPortal = 61CA92B81A4366D100E5A8EE /* Project object */;
			proxyType = 1;
			remoteGlobalIDString = 61CA92BF1A4366D100E5A8EE;
			remoteInfo = Bracelet;
		};
/* End PBXContainerItemProxy section */

/* Begin PBXFileReference section */
		611B91C91A9934EF00757221 /* PatternGenerator.h */ = {isa = PBXFileReference; fileEncoding = 4; lastKnownFileType = sourcecode.c.h; path = PatternGenerator.h; sourceTree = "<group>"; };
		611B91CA1A9934EF00757221 /* PatternGenerator.m */ = {isa = PBXFileReference; fileEncoding = 4; lastKnownFileType = sourcecode.c.objc; path = PatternGenerator.m; sourceTree = "<group>"; };
		611B91D91A9C110600757221 /* BraceletLED.h */ = {isa = PBXFileReference; fileEncoding = 4; lastKnownFileType = sourcecode.c.h; path = BraceletLED.h; sourceTree = "<group>"; };
		611B91DA1A9C110600757221 /* BraceletLED.m */ = {isa = PBXFileReference; fileEncoding = 4; lastKnownFileType = sourcecode.c.objc; path = BraceletLED.m; sourceTree = "<group>"; };
		6142A2D51AB38EE100EE9621 /* PeripheralsTableViewController.h */ = {isa = PBXFileReference; fileEncoding = 4; lastKnownFileType = sourcecode.c.h; path = PeripheralsTableViewController.h; sourceTree = "<group>"; };
		6142A2D61AB38EE100EE9621 /* PeripheralsTableViewController.m */ = {isa = PBXFileReference; fileEncoding = 4; lastKnownFileType = sourcecode.c.objc; path = PeripheralsTableViewController.m; sourceTree = "<group>"; };
		61CA92C01A4366D100E5A8EE /* Bracelet.app */ = {isa = PBXFileReference; explicitFileType = wrapper.application; includeInIndex = 0; path = Bracelet.app; sourceTree = BUILT_PRODUCTS_DIR; };
		61CA92C41A4366D100E5A8EE /* Info.plist */ = {isa = PBXFileReference; lastKnownFileType = text.plist.xml; path = Info.plist; sourceTree = "<group>"; };
		61CA92C51A4366D100E5A8EE /* main.m */ = {isa = PBXFileReference; lastKnownFileType = sourcecode.c.objc; path = main.m; sourceTree = "<group>"; };
		61CA92C71A4366D100E5A8EE /* AppDelegate.h */ = {isa = PBXFileReference; lastKnownFileType = sourcecode.c.h; path = AppDelegate.h; sourceTree = "<group>"; };
		61CA92C81A4366D100E5A8EE /* AppDelegate.m */ = {isa = PBXFileReference; lastKnownFileType = sourcecode.c.objc; path = AppDelegate.m; sourceTree = "<group>"; };
		61CA92CA1A4366D100E5A8EE /* ViewController.h */ = {isa = PBXFileReference; lastKnownFileType = sourcecode.c.h; path = ViewController.h; sourceTree = "<group>"; };
		61CA92CB1A4366D100E5A8EE /* ViewController.m */ = {isa = PBXFileReference; lastKnownFileType = sourcecode.c.objc; path = ViewController.m; sourceTree = "<group>"; };
		61CA92CE1A4366D100E5A8EE /* Base */ = {isa = PBXFileReference; lastKnownFileType = file.storyboard; name = Base; path = Base.lproj/Main.storyboard; sourceTree = "<group>"; };
		61CA92D01A4366D100E5A8EE /* Images.xcassets */ = {isa = PBXFileReference; lastKnownFileType = folder.assetcatalog; path = Images.xcassets; sourceTree = "<group>"; };
		61CA92D31A4366D100E5A8EE /* Base */ = {isa = PBXFileReference; lastKnownFileType = file.xib; name = Base; path = Base.lproj/LaunchScreen.xib; sourceTree = "<group>"; };
		61CA92D91A4366D100E5A8EE /* BraceletTests.xctest */ = {isa = PBXFileReference; explicitFileType = wrapper.cfbundle; includeInIndex = 0; path = BraceletTests.xctest; sourceTree = BUILT_PRODUCTS_DIR; };
		61CA92DE1A4366D100E5A8EE /* Info.plist */ = {isa = PBXFileReference; lastKnownFileType = text.plist.xml; path = Info.plist; sourceTree = "<group>"; };
		61CA92DF1A4366D100E5A8EE /* BraceletTests.m */ = {isa = PBXFileReference; lastKnownFileType = sourcecode.c.objc; path = BraceletTests.m; sourceTree = "<group>"; };
		61F3283E1A7D73AB003331DA /* BraceletConstants.h */ = {isa = PBXFileReference; fileEncoding = 4; lastKnownFileType = sourcecode.c.h; path = BraceletConstants.h; sourceTree = "<group>"; };
		61F3283F1A7D7E11003331DA /* Bracelet.h */ = {isa = PBXFileReference; fileEncoding = 4; lastKnownFileType = sourcecode.c.h; path = Bracelet.h; sourceTree = "<group>"; };
		61F328401A7D7E11003331DA /* Bracelet.m */ = {isa = PBXFileReference; fileEncoding = 4; lastKnownFileType = sourcecode.c.objc; path = Bracelet.m; sourceTree = "<group>"; };
		61F328421A7D7EE2003331DA /* SensorManager.h */ = {isa = PBXFileReference; fileEncoding = 4; lastKnownFileType = sourcecode.c.h; path = SensorManager.h; sourceTree = "<group>"; };
		61F328431A7D7EE2003331DA /* SensorManager.m */ = {isa = PBXFileReference; fileEncoding = 4; lastKnownFileType = sourcecode.c.objc; path = SensorManager.m; sourceTree = "<group>"; };
		61F328461A7D7FA9003331DA /* SensorManagerConstants.h */ = {isa = PBXFileReference; fileEncoding = 4; lastKnownFileType = sourcecode.c.h; path = SensorManagerConstants.h; sourceTree = "<group>"; };
		61F328481A7D806E003331DA /* PeripheralManager.h */ = {isa = PBXFileReference; fileEncoding = 4; lastKnownFileType = sourcecode.c.h; path = PeripheralManager.h; sourceTree = "<group>"; };
		61F328491A7D806E003331DA /* PeripheralManager.m */ = {isa = PBXFileReference; fileEncoding = 4; lastKnownFileType = sourcecode.c.objc; path = PeripheralManager.m; sourceTree = "<group>"; };
		61F3284C1A7D8945003331DA /* User.h */ = {isa = PBXFileReference; fileEncoding = 4; lastKnownFileType = sourcecode.c.h; path = User.h; sourceTree = "<group>"; };
		61F3284D1A7D8945003331DA /* User.m */ = {isa = PBXFileReference; fileEncoding = 4; lastKnownFileType = sourcecode.c.objc; path = User.m; sourceTree = "<group>"; };
		61F3284F1A7ED5F4003331DA /* BraceletPattern.h */ = {isa = PBXFileReference; fileEncoding = 4; lastKnownFileType = sourcecode.c.h; path = BraceletPattern.h; sourceTree = "<group>"; };
		61F328501A7ED5F4003331DA /* BraceletPattern.m */ = {isa = PBXFileReference; fileEncoding = 4; lastKnownFileType = sourcecode.c.objc; path = BraceletPattern.m; sourceTree = "<group>"; };
		61F4FC2A1B1D376100F966D1 /* BraceletTableViewCell.h */ = {isa = PBXFileReference; fileEncoding = 4; lastKnownFileType = sourcecode.c.h; path = BraceletTableViewCell.h; sourceTree = "<group>"; };
		61F4FC2B1B1D376100F966D1 /* BraceletTableViewCell.m */ = {isa = PBXFileReference; fileEncoding = 4; lastKnownFileType = sourcecode.c.objc; path = BraceletTableViewCell.m; sourceTree = "<group>"; };
		6E8EDB3A79D21699503051C1 /* Pods.release.xcconfig */ = {isa = PBXFileReference; includeInIndex = 1; lastKnownFileType = text.xcconfig; name = Pods.release.xcconfig; path = "Pods/Target Support Files/Pods/Pods.release.xcconfig"; sourceTree = "<group>"; };
		7F6518AA4379420EB13A3E2F /* Pods.debug.xcconfig */ = {isa = PBXFileReference; includeInIndex = 1; lastKnownFileType = text.xcconfig; name = Pods.debug.xcconfig; path = "Pods/Target Support Files/Pods/Pods.debug.xcconfig"; sourceTree = "<group>"; };
		A6F0D7FD69E950C66A2C4EBB /* libPods.a */ = {isa = PBXFileReference; explicitFileType = archive.ar; includeInIndex = 0; path = libPods.a; sourceTree = BUILT_PRODUCTS_DIR; };
/* End PBXFileReference section */

/* Begin PBXFrameworksBuildPhase section */
		61CA92BD1A4366D100E5A8EE /* Frameworks */ = {
			isa = PBXFrameworksBuildPhase;
			buildActionMask = 2147483647;
			files = (
				9DFA9B7C43FB2753B864092C /* libPods.a in Frameworks */,
			);
			runOnlyForDeploymentPostprocessing = 0;
		};
		61CA92D61A4366D100E5A8EE /* Frameworks */ = {
			isa = PBXFrameworksBuildPhase;
			buildActionMask = 2147483647;
			files = (
			);
			runOnlyForDeploymentPostprocessing = 0;
		};
/* End PBXFrameworksBuildPhase section */

/* Begin PBXGroup section */
		611B91DC1A9C18C900757221 /* Bracelet Model */ = {
			isa = PBXGroup;
			children = (
				61F3283F1A7D7E11003331DA /* Bracelet.h */,
				61F328401A7D7E11003331DA /* Bracelet.m */,
				611B91D91A9C110600757221 /* BraceletLED.h */,
				611B91DA1A9C110600757221 /* BraceletLED.m */,
				61F3284F1A7ED5F4003331DA /* BraceletPattern.h */,
				61F328501A7ED5F4003331DA /* BraceletPattern.m */,
			);
			name = "Bracelet Model";
			sourceTree = "<group>";
		};
		61CA92B71A4366D100E5A8EE = {
			isa = PBXGroup;
			children = (
				61CA92C21A4366D100E5A8EE /* Bracelet */,
				61CA92DC1A4366D100E5A8EE /* BraceletTests */,
				61CA92C11A4366D100E5A8EE /* Products */,
				BAB817D33ACB8EFC0486E693 /* Pods */,
				DF755D01BACB50F9E823E26C /* Frameworks */,
			);
			sourceTree = "<group>";
		};
		61CA92C11A4366D100E5A8EE /* Products */ = {
			isa = PBXGroup;
			children = (
				61CA92C01A4366D100E5A8EE /* Bracelet.app */,
				61CA92D91A4366D100E5A8EE /* BraceletTests.xctest */,
			);
			name = Products;
			sourceTree = "<group>";
		};
		61CA92C21A4366D100E5A8EE /* Bracelet */ = {
			isa = PBXGroup;
			children = (
				61CA92C71A4366D100E5A8EE /* AppDelegate.h */,
				61CA92C81A4366D100E5A8EE /* AppDelegate.m */,
				61F328421A7D7EE2003331DA /* SensorManager.h */,
				61F328431A7D7EE2003331DA /* SensorManager.m */,
				61F328481A7D806E003331DA /* PeripheralManager.h */,
				61F328491A7D806E003331DA /* PeripheralManager.m */,
				611B91C91A9934EF00757221 /* PatternGenerator.h */,
				611B91CA1A9934EF00757221 /* PatternGenerator.m */,
				611B91DC1A9C18C900757221 /* Bracelet Model */,
				61F3284C1A7D8945003331DA /* User.h */,
				61F3284D1A7D8945003331DA /* User.m */,
				61CA92CA1A4366D100E5A8EE /* ViewController.h */,
				61CA92CB1A4366D100E5A8EE /* ViewController.m */,
				6142A2D51AB38EE100EE9621 /* PeripheralsTableViewController.h */,
				6142A2D61AB38EE100EE9621 /* PeripheralsTableViewController.m */,
				61F4FC2A1B1D376100F966D1 /* BraceletTableViewCell.h */,
				61F4FC2B1B1D376100F966D1 /* BraceletTableViewCell.m */,
				61CA92CD1A4366D100E5A8EE /* Main.storyboard */,
				61F328471A7D7FAD003331DA /* Constants */,
				61CA92D01A4366D100E5A8EE /* Images.xcassets */,
				61CA92D21A4366D100E5A8EE /* LaunchScreen.xib */,
				61CA92C31A4366D100E5A8EE /* Supporting Files */,
			);
			path = Bracelet;
			sourceTree = "<group>";
		};
		61CA92C31A4366D100E5A8EE /* Supporting Files */ = {
			isa = PBXGroup;
			children = (
				61CA92C41A4366D100E5A8EE /* Info.plist */,
				61CA92C51A4366D100E5A8EE /* main.m */,
			);
			name = "Supporting Files";
			sourceTree = "<group>";
		};
		61CA92DC1A4366D100E5A8EE /* BraceletTests */ = {
			isa = PBXGroup;
			children = (
				61CA92DF1A4366D100E5A8EE /* BraceletTests.m */,
				61CA92DD1A4366D100E5A8EE /* Supporting Files */,
			);
			path = BraceletTests;
			sourceTree = "<group>";
		};
		61CA92DD1A4366D100E5A8EE /* Supporting Files */ = {
			isa = PBXGroup;
			children = (
				61CA92DE1A4366D100E5A8EE /* Info.plist */,
			);
			name = "Supporting Files";
			sourceTree = "<group>";
		};
		61F328471A7D7FAD003331DA /* Constants */ = {
			isa = PBXGroup;
			children = (
				61F3283E1A7D73AB003331DA /* BraceletConstants.h */,
				61F328461A7D7FA9003331DA /* SensorManagerConstants.h */,
			);
			name = Constants;
			sourceTree = "<group>";
		};
		BAB817D33ACB8EFC0486E693 /* Pods */ = {
			isa = PBXGroup;
			children = (
				7F6518AA4379420EB13A3E2F /* Pods.debug.xcconfig */,
				6E8EDB3A79D21699503051C1 /* Pods.release.xcconfig */,
			);
			name = Pods;
			sourceTree = "<group>";
		};
		DF755D01BACB50F9E823E26C /* Frameworks */ = {
			isa = PBXGroup;
			children = (
				A6F0D7FD69E950C66A2C4EBB /* libPods.a */,
			);
			name = Frameworks;
			sourceTree = "<group>";
		};
/* End PBXGroup section */

/* Begin PBXNativeTarget section */
		61CA92BF1A4366D100E5A8EE /* Bracelet */ = {
			isa = PBXNativeTarget;
			buildConfigurationList = 61CA92E31A4366D100E5A8EE /* Build configuration list for PBXNativeTarget "Bracelet" */;
			buildPhases = (
				F14475056A8D4358D537B053 /* Check Pods Manifest.lock */,
				61CA92BC1A4366D100E5A8EE /* Sources */,
				61CA92BD1A4366D100E5A8EE /* Frameworks */,
				61CA92BE1A4366D100E5A8EE /* Resources */,
				65E7E8D16D6BAA1F181ED9AC /* Copy Pods Resources */,
			);
			buildRules = (
			);
			dependencies = (
			);
			name = Bracelet;
			productName = Bracelet;
			productReference = 61CA92C01A4366D100E5A8EE /* Bracelet.app */;
			productType = "com.apple.product-type.application";
		};
		61CA92D81A4366D100E5A8EE /* BraceletTests */ = {
			isa = PBXNativeTarget;
			buildConfigurationList = 61CA92E61A4366D100E5A8EE /* Build configuration list for PBXNativeTarget "BraceletTests" */;
			buildPhases = (
				61CA92D51A4366D100E5A8EE /* Sources */,
				61CA92D61A4366D100E5A8EE /* Frameworks */,
				61CA92D71A4366D100E5A8EE /* Resources */,
			);
			buildRules = (
			);
			dependencies = (
				61CA92DB1A4366D100E5A8EE /* PBXTargetDependency */,
			);
			name = BraceletTests;
			productName = BraceletTests;
			productReference = 61CA92D91A4366D100E5A8EE /* BraceletTests.xctest */;
			productType = "com.apple.product-type.bundle.unit-test";
		};
/* End PBXNativeTarget section */

/* Begin PBXProject section */
		61CA92B81A4366D100E5A8EE /* Project object */ = {
			isa = PBXProject;
			attributes = {
				LastUpgradeCheck = 0620;
				ORGANIZATIONNAME = dcrow.us;
				TargetAttributes = {
					61CA92BF1A4366D100E5A8EE = {
						CreatedOnToolsVersion = 6.2;
					};
					61CA92D81A4366D100E5A8EE = {
						CreatedOnToolsVersion = 6.2;
						TestTargetID = 61CA92BF1A4366D100E5A8EE;
					};
				};
			};
			buildConfigurationList = 61CA92BB1A4366D100E5A8EE /* Build configuration list for PBXProject "Bracelet" */;
			compatibilityVersion = "Xcode 3.2";
			developmentRegion = English;
			hasScannedForEncodings = 0;
			knownRegions = (
				en,
				Base,
			);
			mainGroup = 61CA92B71A4366D100E5A8EE;
			productRefGroup = 61CA92C11A4366D100E5A8EE /* Products */;
			projectDirPath = "";
			projectRoot = "";
			targets = (
				61CA92BF1A4366D100E5A8EE /* Bracelet */,
				61CA92D81A4366D100E5A8EE /* BraceletTests */,
			);
		};
/* End PBXProject section */

/* Begin PBXResourcesBuildPhase section */
		61CA92BE1A4366D100E5A8EE /* Resources */ = {
			isa = PBXResourcesBuildPhase;
			buildActionMask = 2147483647;
			files = (
				61CA92CF1A4366D100E5A8EE /* Main.storyboard in Resources */,
				61CA92D41A4366D100E5A8EE /* LaunchScreen.xib in Resources */,
				61CA92D11A4366D100E5A8EE /* Images.xcassets in Resources */,
			);
			runOnlyForDeploymentPostprocessing = 0;
		};
		61CA92D71A4366D100E5A8EE /* Resources */ = {
			isa = PBXResourcesBuildPhase;
			buildActionMask = 2147483647;
			files = (
			);
			runOnlyForDeploymentPostprocessing = 0;
		};
/* End PBXResourcesBuildPhase section */

/* Begin PBXShellScriptBuildPhase section */
		65E7E8D16D6BAA1F181ED9AC /* Copy Pods Resources */ = {
			isa = PBXShellScriptBuildPhase;
			buildActionMask = 2147483647;
			files = (
			);
			inputPaths = (
			);
			name = "Copy Pods Resources";
			outputPaths = (
			);
			runOnlyForDeploymentPostprocessing = 0;
			shellPath = /bin/sh;
			shellScript = "\"${SRCROOT}/Pods/Target Support Files/Pods/Pods-resources.sh\"\n";
			showEnvVarsInLog = 0;
		};
		F14475056A8D4358D537B053 /* Check Pods Manifest.lock */ = {
			isa = PBXShellScriptBuildPhase;
			buildActionMask = 2147483647;
			files = (
			);
			inputPaths = (
			);
			name = "Check Pods Manifest.lock";
			outputPaths = (
			);
			runOnlyForDeploymentPostprocessing = 0;
			shellPath = /bin/sh;
			shellScript = "diff \"${PODS_ROOT}/../Podfile.lock\" \"${PODS_ROOT}/Manifest.lock\" > /dev/null\nif [[ $? != 0 ]] ; then\n    cat << EOM\nerror: The sandbox is not in sync with the Podfile.lock. Run 'pod install' or update your CocoaPods installation.\nEOM\n    exit 1\nfi\n";
			showEnvVarsInLog = 0;
		};
/* End PBXShellScriptBuildPhase section */

/* Begin PBXSourcesBuildPhase section */
		61CA92BC1A4366D100E5A8EE /* Sources */ = {
			isa = PBXSourcesBuildPhase;
			buildActionMask = 2147483647;
			files = (
				611B91CB1A9934EF00757221 /* PatternGenerator.m in Sources */,
				6142A2D71AB38EE100EE9621 /* PeripheralsTableViewController.m in Sources */,
				61CA92CC1A4366D100E5A8EE /* ViewController.m in Sources */,
				61F3284E1A7D8945003331DA /* User.m in Sources */,
				61F3284A1A7D806E003331DA /* PeripheralManager.m in Sources */,
				61CA92C91A4366D100E5A8EE /* AppDelegate.m in Sources */,
				61F328511A7ED5F4003331DA /* BraceletPattern.m in Sources */,
				61F328441A7D7EE2003331DA /* SensorManager.m in Sources */,
				61CA92C61A4366D100E5A8EE /* main.m in Sources */,
				61F328411A7D7E11003331DA /* Bracelet.m in Sources */,
				61F4FC2C1B1D376100F966D1 /* BraceletTableViewCell.m in Sources */,
				611B91DB1A9C110600757221 /* BraceletLED.m in Sources */,
			);
			runOnlyForDeploymentPostprocessing = 0;
		};
		61CA92D51A4366D100E5A8EE /* Sources */ = {
			isa = PBXSourcesBuildPhase;
			buildActionMask = 2147483647;
			files = (
				61CA92E01A4366D100E5A8EE /* BraceletTests.m in Sources */,
			);
			runOnlyForDeploymentPostprocessing = 0;
		};
/* End PBXSourcesBuildPhase section */

/* Begin PBXTargetDependency section */
		61CA92DB1A4366D100E5A8EE /* PBXTargetDependency */ = {
			isa = PBXTargetDependency;
			target = 61CA92BF1A4366D100E5A8EE /* Bracelet */;
			targetProxy = 61CA92DA1A4366D100E5A8EE /* PBXContainerItemProxy */;
		};
/* End PBXTargetDependency section */

/* Begin PBXVariantGroup section */
		61CA92CD1A4366D100E5A8EE /* Main.storyboard */ = {
			isa = PBXVariantGroup;
			children = (
				61CA92CE1A4366D100E5A8EE /* Base */,
			);
			name = Main.storyboard;
			sourceTree = "<group>";
		};
		61CA92D21A4366D100E5A8EE /* LaunchScreen.xib */ = {
			isa = PBXVariantGroup;
			children = (
				61CA92D31A4366D100E5A8EE /* Base */,
			);
			name = LaunchScreen.xib;
			sourceTree = "<group>";
		};
/* End PBXVariantGroup section */

/* Begin XCBuildConfiguration section */
		61CA92E11A4366D100E5A8EE /* Debug */ = {
			isa = XCBuildConfiguration;
			buildSettings = {
				ALWAYS_SEARCH_USER_PATHS = NO;
				CLANG_CXX_LANGUAGE_STANDARD = "gnu++0x";
				CLANG_CXX_LIBRARY = "libc++";
				CLANG_ENABLE_MODULES = YES;
				CLANG_ENABLE_OBJC_ARC = YES;
				CLANG_WARN_BOOL_CONVERSION = YES;
				CLANG_WARN_CONSTANT_CONVERSION = YES;
				CLANG_WARN_DIRECT_OBJC_ISA_USAGE = YES_ERROR;
				CLANG_WARN_EMPTY_BODY = YES;
				CLANG_WARN_ENUM_CONVERSION = YES;
				CLANG_WARN_INT_CONVERSION = YES;
				CLANG_WARN_OBJC_ROOT_CLASS = YES_ERROR;
				CLANG_WARN_UNREACHABLE_CODE = YES;
				CLANG_WARN__DUPLICATE_METHOD_MATCH = YES;
				"CODE_SIGN_IDENTITY[sdk=iphoneos*]" = "iPhone Developer";
				COPY_PHASE_STRIP = NO;
				ENABLE_STRICT_OBJC_MSGSEND = YES;
				GCC_C_LANGUAGE_STANDARD = gnu99;
				GCC_DYNAMIC_NO_PIC = NO;
				GCC_OPTIMIZATION_LEVEL = 0;
				GCC_PREPROCESSOR_DEFINITIONS = (
					"DEBUG=1",
					"$(inherited)",
				);
				GCC_SYMBOLS_PRIVATE_EXTERN = NO;
				GCC_WARN_64_TO_32_BIT_CONVERSION = YES;
				GCC_WARN_ABOUT_RETURN_TYPE = YES_ERROR;
				GCC_WARN_UNDECLARED_SELECTOR = YES;
				GCC_WARN_UNINITIALIZED_AUTOS = YES_AGGRESSIVE;
				GCC_WARN_UNUSED_FUNCTION = YES;
				GCC_WARN_UNUSED_VARIABLE = YES;
				IPHONEOS_DEPLOYMENT_TARGET = 8.2;
				MTL_ENABLE_DEBUG_INFO = YES;
				ONLY_ACTIVE_ARCH = YES;
				SDKROOT = iphoneos;
				TARGETED_DEVICE_FAMILY = "1,2";
			};
			name = Debug;
		};
		61CA92E21A4366D100E5A8EE /* Release */ = {
			isa = XCBuildConfiguration;
			buildSettings = {
				ALWAYS_SEARCH_USER_PATHS = NO;
				CLANG_CXX_LANGUAGE_STANDARD = "gnu++0x";
				CLANG_CXX_LIBRARY = "libc++";
				CLANG_ENABLE_MODULES = YES;
				CLANG_ENABLE_OBJC_ARC = YES;
				CLANG_WARN_BOOL_CONVERSION = YES;
				CLANG_WARN_CONSTANT_CONVERSION = YES;
				CLANG_WARN_DIRECT_OBJC_ISA_USAGE = YES_ERROR;
				CLANG_WARN_EMPTY_BODY = YES;
				CLANG_WARN_ENUM_CONVERSION = YES;
				CLANG_WARN_INT_CONVERSION = YES;
				CLANG_WARN_OBJC_ROOT_CLASS = YES_ERROR;
				CLANG_WARN_UNREACHABLE_CODE = YES;
				CLANG_WARN__DUPLICATE_METHOD_MATCH = YES;
				"CODE_SIGN_IDENTITY[sdk=iphoneos*]" = "iPhone Developer";
				COPY_PHASE_STRIP = YES;
				ENABLE_NS_ASSERTIONS = NO;
				ENABLE_STRICT_OBJC_MSGSEND = YES;
				GCC_C_LANGUAGE_STANDARD = gnu99;
				GCC_WARN_64_TO_32_BIT_CONVERSION = YES;
				GCC_WARN_ABOUT_RETURN_TYPE = YES_ERROR;
				GCC_WARN_UNDECLARED_SELECTOR = YES;
				GCC_WARN_UNINITIALIZED_AUTOS = YES_AGGRESSIVE;
				GCC_WARN_UNUSED_FUNCTION = YES;
				GCC_WARN_UNUSED_VARIABLE = YES;
				IPHONEOS_DEPLOYMENT_TARGET = 8.2;
				MTL_ENABLE_DEBUG_INFO = NO;
				SDKROOT = iphoneos;
				TARGETED_DEVICE_FAMILY = "1,2";
				VALIDATE_PRODUCT = YES;
			};
			name = Release;
		};
		61CA92E41A4366D100E5A8EE /* Debug */ = {
			isa = XCBuildConfiguration;
			baseConfigurationReference = 7F6518AA4379420EB13A3E2F /* Pods.debug.xcconfig */;
			buildSettings = {
				ASSETCATALOG_COMPILER_APPICON_NAME = AppIcon;
				CLANG_ENABLE_MODULES = YES;
				INFOPLIST_FILE = Bracelet/Info.plist;
				IPHONEOS_DEPLOYMENT_TARGET = 8.0;
				LD_RUNPATH_SEARCH_PATHS = "$(inherited) @executable_path/Frameworks";
				PRODUCT_NAME = "$(TARGET_NAME)";
				SWIFT_OPTIMIZATION_LEVEL = "-Onone";
				TARGETED_DEVICE_FAMILY = 1;
			};
			name = Debug;
		};
		61CA92E51A4366D100E5A8EE /* Release */ = {
			isa = XCBuildConfiguration;
			baseConfigurationReference = 6E8EDB3A79D21699503051C1 /* Pods.release.xcconfig */;
			buildSettings = {
				ASSETCATALOG_COMPILER_APPICON_NAME = AppIcon;
				CLANG_ENABLE_MODULES = YES;
				INFOPLIST_FILE = Bracelet/Info.plist;
				IPHONEOS_DEPLOYMENT_TARGET = 8.0;
				LD_RUNPATH_SEARCH_PATHS = "$(inherited) @executable_path/Frameworks";
				PRODUCT_NAME = "$(TARGET_NAME)";
				TARGETED_DEVICE_FAMILY = 1;
			};
			name = Release;
		};
		61CA92E71A4366D100E5A8EE /* Debug */ = {
			isa = XCBuildConfiguration;
			buildSettings = {
				BUNDLE_LOADER = "$(TEST_HOST)";
				FRAMEWORK_SEARCH_PATHS = (
					"$(SDKROOT)/Developer/Library/Frameworks",
					"$(inherited)",
				);
				GCC_PREPROCESSOR_DEFINITIONS = (
					"DEBUG=1",
					"$(inherited)",
				);
				INFOPLIST_FILE = BraceletTests/Info.plist;
				LD_RUNPATH_SEARCH_PATHS = "$(inherited) @executable_path/Frameworks @loader_path/Frameworks";
				PRODUCT_NAME = "$(TARGET_NAME)";
				TEST_HOST = "$(BUILT_PRODUCTS_DIR)/Bracelet.app/Bracelet";
			};
			name = Debug;
		};
		61CA92E81A4366D100E5A8EE /* Release */ = {
			isa = XCBuildConfiguration;
			buildSettings = {
				BUNDLE_LOADER = "$(TEST_HOST)";
				FRAMEWORK_SEARCH_PATHS = (
					"$(SDKROOT)/Developer/Library/Frameworks",
					"$(inherited)",
				);
				INFOPLIST_FILE = BraceletTests/Info.plist;
				LD_RUNPATH_SEARCH_PATHS = "$(inherited) @executable_path/Frameworks @loader_path/Frameworks";
				PRODUCT_NAME = "$(TARGET_NAME)";
				TEST_HOST = "$(BUILT_PRODUCTS_DIR)/Bracelet.app/Bracelet";
			};
			name = Release;
		};
/* End XCBuildConfiguration section */

/* Begin XCConfigurationList section */
		61CA92BB1A4366D100E5A8EE /* Build configuration list for PBXProject "Bracelet" */ = {
			isa = XCConfigurationList;
			buildConfigurations = (
				61CA92E11A4366D100E5A8EE /* Debug */,
				61CA92E21A4366D100E5A8EE /* Release */,
			);
			defaultConfigurationIsVisible = 0;
			defaultConfigurationName = Release;
		};
		61CA92E31A4366D100E5A8EE /* Build configuration list for PBXNativeTarget "Bracelet" */ = {
			isa = XCConfigurationList;
			buildConfigurations = (
				61CA92E41A4366D100E5A8EE /* Debug */,
				61CA92E51A4366D100E5A8EE /* Release */,
			);
			defaultConfigurationIsVisible = 0;
			defaultConfigurationName = Release;
		};
		61CA92E61A4366D100E5A8EE /* Build configuration list for PBXNativeTarget "BraceletTests" */ = {
			isa = XCConfigurationList;
			buildConfigurations = (
				61CA92E71A4366D100E5A8EE /* Debug */,
				61CA92E81A4366D100E5A8EE /* Release */,
			);
			defaultConfigurationIsVisible = 0;
			defaultConfigurationName = Release;
		};
/* End XCConfigurationList section */
	};
	rootObject = 61CA92B81A4366D100E5A8EE /* Project object */;
}
